<?xml version="1.0" encoding="utf-8"?>
<Project xmlns="http://schemas.microsoft.com/developer/msbuild/2003">
  <ItemGroup>
    <Filter Include="Form Files">
      <UniqueIdentifier>{99349809-55BA-4b9d-BF79-8FDBB0286EB3}</UniqueIdentifier>
      <Extensions>ui</Extensions>
      <ParseFiles>false</ParseFiles>
    </Filter>
    <Filter Include="Form Files">
      <UniqueIdentifier>{99349809-55BA-4b9d-BF79-8FDBB0286EB3}</UniqueIdentifier>
      <Extensions>ui</Extensions>
      <ParseFiles>false</ParseFiles>
    </Filter>
    <Filter Include="Generated Files">
      <UniqueIdentifier>{71ED8ED8-ACB9-4CE9-BBE1-E00B30144E11}</UniqueIdentifier>
      <Extensions>cpp;c;cxx;moc;h;def;odl;idl;res;</Extensions>
    </Filter>
    <Filter Include="Generated Files">
      <UniqueIdentifier>{71ED8ED8-ACB9-4CE9-BBE1-E00B30144E11}</UniqueIdentifier>
      <Extensions>cpp;c;cxx;moc;h;def;odl;idl;res;</Extensions>
    </Filter>
    <Filter Include="Header Files">
      <UniqueIdentifier>{93995380-89BD-4b04-88EB-625FBE52EBFB}</UniqueIdentifier>
      <Extensions>h;hpp;hxx;hm;inl;inc;xsd</Extensions>
    </Filter>
    <Filter Include="Header Files">
      <UniqueIdentifier>{93995380-89BD-4b04-88EB-625FBE52EBFB}</UniqueIdentifier>
      <Extensions>h;hpp;hxx;hm;inl;inc;xsd</Extensions>
    </Filter>
    <Filter Include="Resource Files">
      <UniqueIdentifier>{D9D6E242-F8AF-46E4-B9FD-80ECBC20BA3E}</UniqueIdentifier>
      <Extensions>qrc;*</Extensions>
      <ParseFiles>false</ParseFiles>
    </Filter>
    <Filter Include="Resource Files">
      <UniqueIdentifier>{D9D6E242-F8AF-46E4-B9FD-80ECBC20BA3E}</UniqueIdentifier>
      <Extensions>qrc;*</Extensions>
      <ParseFiles>false</ParseFiles>
    </Filter>
    <Filter Include="Source Files">
      <UniqueIdentifier>{4FC737F1-C7A5-4376-A066-2A32D752A2FF}</UniqueIdentifier>
      <Extensions>cpp;c;cxx;def;odl;idl;hpj;bat;asm;asmx</Extensions>
    </Filter>
    <Filter Include="Source Files">
      <UniqueIdentifier>{4FC737F1-C7A5-4376-A066-2A32D752A2FF}</UniqueIdentifier>
      <Extensions>cpp;c;cxx;def;odl;idl;hpj;bat;asm;asmx</Extensions>
    </Filter>
    <Filter Include="Translation Files">
      <UniqueIdentifier>{639EADAA-A684-42e4-A9AD-28FC9BCB8F7C}</UniqueIdentifier>
      <Extensions>ts;xlf</Extensions>
      <ParseFiles>false</ParseFiles>
    </Filter>
    <Filter Include="Translation Files">
      <UniqueIdentifier>{639EADAA-A684-42e4-A9AD-28FC9BCB8F7C}</UniqueIdentifier>
      <Extensions>ts;xlf</Extensions>
      <ParseFiles>false</ParseFiles>
    </Filter>
    <Filter Include="Distribution Files">
      <UniqueIdentifier>{B83CAF91-C7BF-462F-B76C-EA11631F866C}</UniqueIdentifier>
      <Extensions>*</Extensions>
      <ParseFiles>false</ParseFiles>
    </Filter>
    <Filter Include="Distribution Files">
      <UniqueIdentifier>{B83CAF91-C7BF-462F-B76C-EA11631F866C}</UniqueIdentifier>
      <Extensions>*</Extensions>
      <ParseFiles>false</ParseFiles>
    </Filter>
  </ItemGroup>
  <ItemGroup>
    <ClCompile Include="CAbout.cpp">
      <Filter>Source Files</Filter>
    </ClCompile>
    <ClCompile Include="CleanRuleSet.cpp">
      <Filter>Source Files</Filter>
    </ClCompile>
    <ClCompile Include="ConfigFile.cpp">
      <Filter>Source Files</Filter>
    </ClCompile>
    <ClCompile Include="ErrorMessage.cpp">
      <Filter>Source Files</Filter>
    </ClCompile>
    <ClCompile Include="HomePage.cpp">
      <Filter>Source Files</Filter>
    </ClCompile>
    <ClCompile Include="ItemDelegate.cpp">
      <Filter>Source Files</Filter>
    </ClCompile>
    <ClCompile Include="OptionEdit.cpp">
      <Filter>Source Files</Filter>
    </ClCompile>
    <ClCompile Include="SuffixOrFileNameEdit.cpp">
      <Filter>Source Files</Filter>
    </ClCompile>
    <ClCompile Include="main.cpp">
      <Filter>Source Files</Filter>
    </ClCompile>
    <ClCompile Include="CUpdate.cpp">
      <Filter>Source Files</Filter>
    </ClCompile>
  </ItemGroup>
  <ItemGroup>
    <QtMoc Include="CAbout.h">
      <Filter>Header Files</Filter>
    </QtMoc>
    <QtMoc Include="CleanRuleSet.h">
      <Filter>Header Files</Filter>
    </QtMoc>
    <ClInclude Include="ConfigFile.h">
      <Filter>Header Files</Filter>
    </ClInclude>
    <QtMoc Include="ErrorMessage.h">
      <Filter>Header Files</Filter>
    </QtMoc>
    <QtMoc Include="HomePage.h">
      <Filter>Header Files</Filter>
    </QtMoc>
    <QtMoc Include="ItemDelegate.h">
      <Filter>Header Files</Filter>
    </QtMoc>
    <QtMoc Include="OptionEdit.h">
      <Filter>Header Files</Filter>
    </QtMoc>
    <QtMoc Include="SuffixOrFileNameEdit.h">
      <Filter>Header Files</Filter>
    </QtMoc>
    <ClInclude Include="Version.h">
      <Filter>Header Files</Filter>
    </ClInclude>
    <QtMoc Include="CUpdate.h">
      <Filter>Header Files</Filter>
    </QtMoc>
  </ItemGroup>
  <ItemGroup>
    <CustomBuild Include="debug\moc_predefs.h.cbt">
      <Filter>Generated Files</Filter>
    </CustomBuild>
    <CustomBuild Include="release\moc_predefs.h.cbt">
      <Filter>Generated Files</Filter>
    </CustomBuild>
  </ItemGroup>
  <ItemGroup>
    <None Include="ProjectClean_EN.ts">
      <Filter>Translation Files</Filter>
    </None>
    <None Include="ProjectClean_zh_CN.ts">
      <Filter>Translation Files</Filter>
    </None>
  </ItemGroup>
  <ItemGroup>
    <QtUic Include="CAbout.ui">
      <Filter>Form Files</Filter>
    </QtUic>
    <QtUic Include="CleanRuleSet.ui">
      <Filter>Form Files</Filter>
    </QtUic>
    <QtUic Include="ErrorMessage.ui">
      <Filter>Form Files</Filter>
    </QtUic>
    <QtUic Include="HomePage.ui">
      <Filter>Form Files</Filter>
    </QtUic>
    <QtUic Include="OptionEdit.ui">
      <Filter>Form Files</Filter>
    </QtUic>
    <QtUic Include="SuffixOrFileNameEdit.ui">
      <Filter>Form Files</Filter>
    </QtUic>
    <QtUic Include="CUpdate.ui">
      <Filter>Form Files</Filter>
    </QtUic>
  </ItemGroup>
  <ItemGroup>
    <None Include="Images\Add.png">
      <Filter>Resource Files</Filter>
    </None>
    <None Include="Images\Chinese.png">
      <Filter>Resource Files</Filter>
    </None>
    <None Include="Images\CleanDir.png">
      <Filter>Resource Files</Filter>
    </None>
    <None Include="Images\Delete.png">
      <Filter>Resource Files</Filter>
    </None>
    <None Include="Images\DeleteFile.png">
      <Filter>Resource Files</Filter>
    </None>
    <None Include="Images\English.png">
      <Filter>Resource Files</Filter>
    </None>
    <None Include="Images\OpenDir.png">
      <Filter>Resource Files</Filter>
    </None>
    <None Include="Images\Project.png">
      <Filter>Resource Files</Filter>
    </None>
    <None Include="Images\Refresh.png">
      <Filter>Resource Files</Filter>
    </None>
    <None Include="Images\Remove.png">
      <Filter>Resource Files</Filter>
    </None>
    <None Include="Images\RemoveDir.png">
      <Filter>Resource Files</Filter>
    </None>
    <None Include="Images\Save.png">
      <Filter>Resource Files</Filter>
    </None>
    <None Include="Images\Scan.png">
      <Filter>Resource Files</Filter>
    </None>
    <None Include="Images\StopDeleteFile.png">
      <Filter>Resource Files</Filter>
    </None>
    <None Include="Images\StopScan.png">
      <Filter>Resource Files</Filter>
    </None>
    <None Include="Images\err.ico">
      <Filter>Resource Files</Filter>
    </None>
    <None Include="Images\optionSet.png">
      <Filter>Resource Files</Filter>
    </None>
    <None Include="Images\query.png">
      <Filter>Resource Files</Filter>
    </None>
    <QtRcc Include="res.qrc">
      <Filter>Resource Files</Filter>
    </QtRcc>
    <None Include="Images\right.ico">
      <Filter>Resource Files</Filter>
    </None>
  </ItemGroup>
  <ItemGroup>
    <None Include="Update.txt">
      <Filter>Distribution Files</Filter>
    </None>
  </ItemGroup>
</Project>